{
  "name": "windows-setup",
  "version": "1.0.0",
  "lockfileVersion": 3,
  "requires": true,
  "packages": {
    "": {
      "name": "windows-setup",
      "version": "1.0.0",
      "devDependencies": {
        "zebar": "^3.3.1"
      }
    },
    "node_modules/@tauri-apps/api": {
      "version": "2.0.2",
      "resolved": "https://registry.npmjs.org/@tauri-apps/api/-/api-2.0.2.tgz",
      "integrity": "sha512-3wSwmG+1kr6WrgAFKK5ijkNFPp8TT3FLj3YHUb5EwMO+3FxX4uWlfSWkeeBy+Kc1RsKzugtYLuuya+98Flj+3w==",
      "dev": true,
      "license": "Apache-2.0 OR MIT",
      "funding": {
        "type": "opencollective",
        "url": "https://opencollective.com/tauri"
      }
    },
    "node_modules/@tauri-apps/plugin-dialog": {
      "version": "2.0.0",
      "resolved": "https://registry.npmjs.org/@tauri-apps/plugin-dialog/-/plugin-dialog-2.0.0.tgz",
      "integrity": "sha512-ApNkejXP2jpPBSifznPPcHTXxu9/YaRW+eJ+8+nYwqp0lLUtebFHG4QhxitM43wwReHE81WAV1DQ/b+2VBftOA==",
      "dev": true,
      "license": "MIT OR Apache-2.0",
      "dependencies": {
        "@tauri-apps/api": "^2.0.0"
      }
    },
    "node_modules/glazewm": {
      "version": "1.7.0",
      "resolved": "https://registry.npmjs.org/glazewm/-/glazewm-1.7.0.tgz",
      "integrity": "sha512-UWwtO4OZMOytA3KS70xihxJLqGJxtLE3XUnhLxrAgbXhIhy/0B4yF4RX3dEETozeB0sUbCnWc0a5KY8saErm2A==",
      "dev": true,
      "license": "MIT",
      "dependencies": {
        "tslib": "2.6.1"
      },
      "engines": {
        "node": ">=12"
      },
      "peerDependencies": {
        "ws": "*"
      },
      "peerDependenciesMeta": {
        "ws": {
          "optional": true
        }
      }
    },
    "node_modules/luxon": {
      "version": "3.4.4",
      "resolved": "https://registry.npmjs.org/luxon/-/luxon-3.4.4.tgz",
      "integrity": "sha512-zobTr7akeGHnv7eBOXcRgMeCP6+uyYsczwmeRCauvpvaAltgNyTbLH/+VaEAPUeWBT+1GuNmz4wC/6jtQzbbVA==",
      "dev": true,
      "license": "MIT",
      "engines": {
        "node": ">=12"
      }
    },
    "node_modules/tslib": {
      "version": "2.6.1",
      "resolved": "https://registry.npmjs.org/tslib/-/tslib-2.6.1.tgz",
      "integrity": "sha512-t0hLfiEKfMUoqhG+U1oid7Pva4bbDPHYfJNiB7BiIjRkj1pyC++4N3huJfqY6aRH6VTB0rvtzQwjM4K6qpfOig==",
      "dev": true,
      "license": "0BSD"
    },
    "node_modules/zebar": {
      "version": "3.3.1",
      "resolved": "https://registry.npmjs.org/zebar/-/zebar-3.3.1.tgz",
      "integrity": "sha512-s54NzacaY5dbN5rv1Gf2jpxPkob5EWptwtRwyR4ZgxCp3A/ZJ6Qxjn3ypOnLJ1XaHngx6MrIy1/ObAmsXjSmEg==",
      "dev": true,
      "license": "GPL-3.0-only",
      "dependencies": {
        "@tauri-apps/api": "2.0.2",
        "@tauri-apps/plugin-dialog": "2.0.0",
        "glazewm": "1.7.0",
        "luxon": "3.4.4",
        "zod": "3.24.2"
      }
    },
    "node_modules/zod": {
      "version": "3.24.2",
      "resolved": "https://registry.npmjs.org/zod/-/zod-3.24.2.tgz",
      "integrity": "sha512-lY7CDW43ECgW9u1TcT3IoXHflywfVqDYze4waEz812jR/bZ8FHDsl7pFQoSZTz5N+2NqRXs8GBwnAwo3ZNxqhQ==",
      "dev": true,
      "license": "MIT",
      "funding": {
        "url": "https://github.com/sponsors/colinhacks"
      }
    }
  }
}
